
Microsoft Visual Studio Solution File, Format Version 12.00
# Visual Studio Version 16
VisualStudioVersion = 16.0.29519.87
MinimumVisualStudioVersion = 10.0.40219.1
Project("{9A19103F-16F7-4668-BE54-9A1E7A4F7556}") = "Wiki", "Wiki\Wiki.csproj", "{B9C3A15F-0DD1-4D57-8D1A-26B4E3523568}"
EndProject
Project("{9A19103F-16F7-4668-BE54-9A1E7A4F7556}") = "Wiki.Cosmos", "Wiki.Cosmos\Wiki.Cosmos.csproj", "{50E04E12-6E76-49E0-85F2-2E47AF59595D}"
EndProject
Project("{9A19103F-16F7-4668-BE54-9A1E7A4F7556}") = "Wiki.Console", "Wiki.Console\Wiki.Console.csproj", "{3A0DAFDA-2CA0-4A4B-AD85-159D2B392C9C}"
EndProject
Project("{9A19103F-16F7-4668-BE54-9A1E7A4F7556}") = "Wiki.Tests", "Wiki.Tests\Wiki.Tests.csproj", "{E5DEE524-F4B3-4297-9AE8-130AF2B21EBD}"
EndProject
Project("{9A19103F-16F7-4668-BE54-9A1E7A4F7556}") = "Wiki.FileSystem", "Wiki.FileSystem\Wiki.FileSystem.csproj", "{0A5E9AA1-26A0-45B2-9CB4-33289EB93E8C}"
EndProject
Project("{2150E333-8FDC-42A3-9474-1A3956D46DE8}") = "Framework", "Framework", "{CAC0BD3B-DF1E-4771-AF9B-BE0488A0DBFE}"
EndProject
Project("{2150E333-8FDC-42A3-9474-1A3956D46DE8}") = "Stores", "Stores", "{11179F14-F801-481A-9AB5-3D4F510E05DF}"
EndProject
Project("{2150E333-8FDC-42A3-9474-1A3956D46DE8}") = "Clients", "Clients", "{B0FFBCB4-ED92-48A8-B08E-AC535035161D}"
EndProject
Project("{2150E333-8FDC-42A3-9474-1A3956D46DE8}") = "Tests", "Tests", "{E2E2337E-ADE5-4F82-B52A-707EA3EC6CD2}"
EndProject
Global
	GlobalSection(SolutionConfigurationPlatforms) = preSolution
		Debug|Any CPU = Debug|Any CPU
		Release|Any CPU = Release|Any CPU
	EndGlobalSection
	GlobalSection(ProjectConfigurationPlatforms) = postSolution
		{B9C3A15F-0DD1-4D57-8D1A-26B4E3523568}.Debug|Any CPU.ActiveCfg = Debug|Any CPU
		{B9C3A15F-0DD1-4D57-8D1A-26B4E3523568}.Debug|Any CPU.Build.0 = Debug|Any CPU
		{B9C3A15F-0DD1-4D57-8D1A-26B4E3523568}.Release|Any CPU.ActiveCfg = Release|Any CPU
		{B9C3A15F-0DD1-4D57-8D1A-26B4E3523568}.Release|Any CPU.Build.0 = Release|Any CPU
		{50E04E12-6E76-49E0-85F2-2E47AF59595D}.Debug|Any CPU.ActiveCfg = Debug|Any CPU
		{50E04E12-6E76-49E0-85F2-2E47AF59595D}.Debug|Any CPU.Build.0 = Debug|Any CPU
		{50E04E12-6E76-49E0-85F2-2E47AF59595D}.Release|Any CPU.ActiveCfg = Release|Any CPU
		{50E04E12-6E76-49E0-85F2-2E47AF59595D}.Release|Any CPU.Build.0 = Release|Any CPU
		{3A0DAFDA-2CA0-4A4B-AD85-159D2B392C9C}.Debug|Any CPU.ActiveCfg = Debug|Any CPU
		{3A0DAFDA-2CA0-4A4B-AD85-159D2B392C9C}.Debug|Any CPU.Build.0 = Debug|Any CPU
		{3A0DAFDA-2CA0-4A4B-AD85-159D2B392C9C}.Release|Any CPU.ActiveCfg = Release|Any CPU
		{3A0DAFDA-2CA0-4A4B-AD85-159D2B392C9C}.Release|Any CPU.Build.0 = Release|Any CPU
		{E5DEE524-F4B3-4297-9AE8-130AF2B21EBD}.Debug|Any CPU.ActiveCfg = Debug|Any CPU
		{E5DEE524-F4B3-4297-9AE8-130AF2B21EBD}.Debug|Any CPU.Build.0 = Debug|Any CPU
		{E5DEE524-F4B3-4297-9AE8-130AF2B21EBD}.Release|Any CPU.ActiveCfg = Release|Any CPU
		{E5DEE524-F4B3-4297-9AE8-130AF2B21EBD}.Release|Any CPU.Build.0 = Release|Any CPU
		{0A5E9AA1-26A0-45B2-9CB4-33289EB93E8C}.Debug|Any CPU.ActiveCfg = Debug|Any CPU
		{0A5E9AA1-26A0-45B2-9CB4-33289EB93E8C}.Debug|Any CPU.Build.0 = Debug|Any CPU
		{0A5E9AA1-26A0-45B2-9CB4-33289EB93E8C}.Release|Any CPU.ActiveCfg = Release|Any CPU
		{0A5E9AA1-26A0-45B2-9CB4-33289EB93E8C}.Release|Any CPU.Build.0 = Release|Any CPU
	EndGlobalSection
	GlobalSection(SolutionProperties) = preSolution
		HideSolutionNode = FALSE
	EndGlobalSection
	GlobalSection(NestedProjects) = preSolution
		{B9C3A15F-0DD1-4D57-8D1A-26B4E3523568} = {CAC0BD3B-DF1E-4771-AF9B-BE0488A0DBFE}
		{50E04E12-6E76-49E0-85F2-2E47AF59595D} = {11179F14-F801-481A-9AB5-3D4F510E05DF}
		{3A0DAFDA-2CA0-4A4B-AD85-159D2B392C9C} = {B0FFBCB4-ED92-48A8-B08E-AC535035161D}
		{E5DEE524-F4B3-4297-9AE8-130AF2B21EBD} = {E2E2337E-ADE5-4F82-B52A-707EA3EC6CD2}
		{0A5E9AA1-26A0-45B2-9CB4-33289EB93E8C} = {11179F14-F801-481A-9AB5-3D4F510E05DF}
		{11179F14-F801-481A-9AB5-3D4F510E05DF} = {CAC0BD3B-DF1E-4771-AF9B-BE0488A0DBFE}
	EndGlobalSection
	GlobalSection(ExtensibilityGlobals) = postSolution
		SolutionGuid = {10FDD0BC-32E7-40CF-A330-B07658795004}
	EndGlobalSection
EndGlobal
